
Microsoft Visual Studio Solution File, Format Version 12.00
# Visual Studio Version 17
VisualStudioVersion = 17.9.34728.123
MinimumVisualStudioVersion = 10.0.40219.1
Project("{FAE04EC0-301F-11D3-BF4B-00C04F79EFBC}") = "rbac.demo", "rbac.demo\rbac.demo.csproj", "{F1D43BDB-886C-4601-B7C1-A5A63DC8B258}"
EndProject
Global
	GlobalSection(SolutionConfigurationPlatforms) = preSolution
		Debug|Any CPU = Debug|Any CPU
		Release|Any CPU = Release|Any CPU
	EndGlobalSection
	GlobalSection(ProjectConfigurationPlatforms) = postSolution
		{F1D43BDB-886C-4601-B7C1-A5A63DC8B258}.Debug|Any CPU.ActiveCfg = Debug|Any CPU
		{F1D43BDB-886C-4601-B7C1-A5A63DC8B258}.Debug|Any CPU.Build.0 = Debug|Any CPU
		{F1D43BDB-886C-4601-B7C1-A5A63DC8B258}.Release|Any CPU.ActiveCfg = Release|Any CPU
		{F1D43BDB-886C-4601-B7C1-A5A63DC8B258}.Release|Any CPU.Build.0 = Release|Any CPU
	EndGlobalSection
	GlobalSection(SolutionProperties) = preSolution
		HideSolutionNode = FALSE
	EndGlobalSection
	GlobalSection(ExtensibilityGlobals) = postSolution
		SolutionGuid = {2DE85B9C-2F4B-463C-B507-1FCB6B9C9F26}
	EndGlobalSection
EndGlobal
